// !$*UTF8*$!
{
	archiveVersion = 1;
	classes = {
	};
	objectVersion = 55;
	objects = {

/* Begin PBXBuildFile section */
		61E74F902C11D92BC48C34DF /* Pods_RCtest_BunJangAppTests.framework in Frameworks */ = {isa = PBXBuildFile; fileRef = 5DCC176D95F23E5052445621 /* Pods_RCtest_BunJangAppTests.framework */; };
		707B9437CA0646A776BF8505 /* Pods_RCtest_BunJangApp.framework in Frameworks */ = {isa = PBXBuildFile; fileRef = F287E6B2ED2808D8E719EB33 /* Pods_RCtest_BunJangApp.framework */; };
		B559EAE41537BF09BA882606 /* Pods_RCtest_BunJangApp_RCtest_BunJangAppUITests.framework in Frameworks */ = {isa = PBXBuildFile; fileRef = 1EBDCCE0CA082E49BB50ABAF /* Pods_RCtest_BunJangApp_RCtest_BunJangAppUITests.framework */; };
		E520426528844E4C00B4F830 /* RegisterCollectionViewCell.swift in Sources */ = {isa = PBXBuildFile; fileRef = E520426328844E4C00B4F830 /* RegisterCollectionViewCell.swift */; };
		E520426628844E4C00B4F830 /* RegisterCollectionViewCell.xib in Resources */ = {isa = PBXBuildFile; fileRef = E520426428844E4C00B4F830 /* RegisterCollectionViewCell.xib */; };
		E54CE7CA28827E1500537C09 /* AppDelegate.swift in Sources */ = {isa = PBXBuildFile; fileRef = E54CE7C928827E1500537C09 /* AppDelegate.swift */; };
		E54CE7CC28827E1500537C09 /* SceneDelegate.swift in Sources */ = {isa = PBXBuildFile; fileRef = E54CE7CB28827E1500537C09 /* SceneDelegate.swift */; };
		E54CE7D128827E1500537C09 /* Main.storyboard in Resources */ = {isa = PBXBuildFile; fileRef = E54CE7CF28827E1500537C09 /* Main.storyboard */; };
		E54CE7D428827E1500537C09 /* RCtest_BunJangApp.xcdatamodeld in Sources */ = {isa = PBXBuildFile; fileRef = E54CE7D228827E1500537C09 /* RCtest_BunJangApp.xcdatamodeld */; };
		E54CE7D628827E1500537C09 /* Assets.xcassets in Resources */ = {isa = PBXBuildFile; fileRef = E54CE7D528827E1500537C09 /* Assets.xcassets */; };
		E54CE7D928827E1500537C09 /* LaunchScreen.storyboard in Resources */ = {isa = PBXBuildFile; fileRef = E54CE7D728827E1500537C09 /* LaunchScreen.storyboard */; };
		E54CE7E428827E1600537C09 /* RCtest_BunJangAppTests.swift in Sources */ = {isa = PBXBuildFile; fileRef = E54CE7E328827E1600537C09 /* RCtest_BunJangAppTests.swift */; };
		E54CE7EE28827E1600537C09 /* RCtest_BunJangAppUITests.swift in Sources */ = {isa = PBXBuildFile; fileRef = E54CE7ED28827E1600537C09 /* RCtest_BunJangAppUITests.swift */; };
		E54CE7F028827E1600537C09 /* RCtest_BunJangAppUITestsLaunchTests.swift in Sources */ = {isa = PBXBuildFile; fileRef = E54CE7EF28827E1600537C09 /* RCtest_BunJangAppUITestsLaunchTests.swift */; };
		E54CE80A288318C000537C09 /* BaseViewController.swift in Sources */ = {isa = PBXBuildFile; fileRef = E54CE809288318C000537C09 /* BaseViewController.swift */; };
		E54CE80C2883199E00537C09 /* LoginViewController.swift in Sources */ = {isa = PBXBuildFile; fileRef = E54CE80B2883199E00537C09 /* LoginViewController.swift */; };
		E54CE81128831EBF00537C09 /* Color.swift in Sources */ = {isa = PBXBuildFile; fileRef = E54CE81028831EBF00537C09 /* Color.swift */; };
		E54CE8172883289900537C09 /* Cafe24Ohsquare.ttf in Resources */ = {isa = PBXBuildFile; fileRef = E54CE8162883289900537C09 /* Cafe24Ohsquare.ttf */; };
		E54CE81928832EE600537C09 /* LoginCollectionViewCell.swift in Sources */ = {isa = PBXBuildFile; fileRef = E54CE81828832EE600537C09 /* LoginCollectionViewCell.swift */; };
		E54CE81D28833D6800537C09 /* DifferentLoginViewController.swift in Sources */ = {isa = PBXBuildFile; fileRef = E54CE81C28833D6800537C09 /* DifferentLoginViewController.swift */; };
		E54CE81F28834F6F00537C09 /* HomeViewController.swift in Sources */ = {isa = PBXBuildFile; fileRef = E54CE81E28834F6F00537C09 /* HomeViewController.swift */; };
		E54CE8212883524500537C09 /* SearchViewController.swift in Sources */ = {isa = PBXBuildFile; fileRef = E54CE8202883524500537C09 /* SearchViewController.swift */; };
		E589B95C2885483600B0490A /* HomeCategoryCollectionViewCell.swift in Sources */ = {isa = PBXBuildFile; fileRef = E589B95A2885483600B0490A /* HomeCategoryCollectionViewCell.swift */; };
		E589B95D2885483600B0490A /* HomeCategoryCollectionViewCell.xib in Resources */ = {isa = PBXBuildFile; fileRef = E589B95B2885483600B0490A /* HomeCategoryCollectionViewCell.xib */; };
		E589B95F28856A8300B0490A /* DiffLoginInputDataViewController.swift in Sources */ = {isa = PBXBuildFile; fileRef = E589B95E28856A8300B0490A /* DiffLoginInputDataViewController.swift */; };
		E589B96128858CB600B0490A /* DifferentLoginDataPOST.swift in Sources */ = {isa = PBXBuildFile; fileRef = E589B96028858CB600B0490A /* DifferentLoginDataPOST.swift */; };
		E589B96328858D3A00B0490A /* DifferentLoginDataResponse.swift in Sources */ = {isa = PBXBuildFile; fileRef = E589B96228858D3A00B0490A /* DifferentLoginDataResponse.swift */; };
		E589B9772885D25A00B0490A /* AllMenuViewController.swift in Sources */ = {isa = PBXBuildFile; fileRef = E589B9762885D25A00B0490A /* AllMenuViewController.swift */; };
		E589B9792885D4D300B0490A /* AllMenuCategoryViewController.swift in Sources */ = {isa = PBXBuildFile; fileRef = E589B9782885D4D300B0490A /* AllMenuCategoryViewController.swift */; };
		E589B97B2885D4E200B0490A /* AllMenuBrandViewController.swift in Sources */ = {isa = PBXBuildFile; fileRef = E589B97A2885D4E200B0490A /* AllMenuBrandViewController.swift */; };
		E589B97D2885D4EC00B0490A /* AllMenuServiceViewController.swift in Sources */ = {isa = PBXBuildFile; fileRef = E589B97C2885D4EC00B0490A /* AllMenuServiceViewController.swift */; };
		E58AC3BE28847B3000D5816F /* MyPageViewController.swift in Sources */ = {isa = PBXBuildFile; fileRef = E58AC3BD28847B3000D5816F /* MyPageViewController.swift */; };
		E5FDBAF12883E480003746F7 /* TabbarViewController.swift in Sources */ = {isa = PBXBuildFile; fileRef = E5FDBAF02883E480003746F7 /* TabbarViewController.swift */; };
		E5FDBAF72883F031003746F7 /* RegisterViewController.swift in Sources */ = {isa = PBXBuildFile; fileRef = E5FDBAF62883F031003746F7 /* RegisterViewController.swift */; };
		E5FDBAFB2883FB38003746F7 /* ChatViewController.swift in Sources */ = {isa = PBXBuildFile; fileRef = E5FDBAFA2883FB38003746F7 /* ChatViewController.swift */; };
		E5FDBAFE2883FC08003746F7 /* ChatTableViewCell.swift in Sources */ = {isa = PBXBuildFile; fileRef = E5FDBAFC2883FC08003746F7 /* ChatTableViewCell.swift */; };
		E5FDBAFF2883FC08003746F7 /* ChatTableViewCell.xib in Resources */ = {isa = PBXBuildFile; fileRef = E5FDBAFD2883FC08003746F7 /* ChatTableViewCell.xib */; };
/* End PBXBuildFile section */

/* Begin PBXContainerItemProxy section */
		E54CE7E028827E1600537C09 /* PBXContainerItemProxy */ = {
			isa = PBXContainerItemProxy;
			containerPortal = E54CE7BE28827E1500537C09 /* Project object */;
			proxyType = 1;
			remoteGlobalIDString = E54CE7C528827E1500537C09;
			remoteInfo = "RCtest-BunJangApp";
		};
		E54CE7EA28827E1600537C09 /* PBXContainerItemProxy */ = {
			isa = PBXContainerItemProxy;
			containerPortal = E54CE7BE28827E1500537C09 /* Project object */;
			proxyType = 1;
			remoteGlobalIDString = E54CE7C528827E1500537C09;
			remoteInfo = "RCtest-BunJangApp";
		};
/* End PBXContainerItemProxy section */

/* Begin PBXFileReference section */
		1EBDCCE0CA082E49BB50ABAF /* Pods_RCtest_BunJangApp_RCtest_BunJangAppUITests.framework */ = {isa = PBXFileReference; explicitFileType = wrapper.framework; includeInIndex = 0; path = Pods_RCtest_BunJangApp_RCtest_BunJangAppUITests.framework; sourceTree = BUILT_PRODUCTS_DIR; };
		5DCC176D95F23E5052445621 /* Pods_RCtest_BunJangAppTests.framework */ = {isa = PBXFileReference; explicitFileType = wrapper.framework; includeInIndex = 0; path = Pods_RCtest_BunJangAppTests.framework; sourceTree = BUILT_PRODUCTS_DIR; };
		8C33F38CEDCA93AB0D4952D3 /* Pods-RCtest-BunJangApp-RCtest-BunJangAppUITests.debug.xcconfig */ = {isa = PBXFileReference; includeInIndex = 1; lastKnownFileType = text.xcconfig; name = "Pods-RCtest-BunJangApp-RCtest-BunJangAppUITests.debug.xcconfig"; path = "Target Support Files/Pods-RCtest-BunJangApp-RCtest-BunJangAppUITests/Pods-RCtest-BunJangApp-RCtest-BunJangAppUITests.debug.xcconfig"; sourceTree = "<group>"; };
		8F288B902316DCE6AB6C5E67 /* Pods-RCtest-BunJangAppTests.debug.xcconfig */ = {isa = PBXFileReference; includeInIndex = 1; lastKnownFileType = text.xcconfig; name = "Pods-RCtest-BunJangAppTests.debug.xcconfig"; path = "Target Support Files/Pods-RCtest-BunJangAppTests/Pods-RCtest-BunJangAppTests.debug.xcconfig"; sourceTree = "<group>"; };
		A5D816A76B16D80DD8CC45AF /* Pods-RCtest-BunJangApp.release.xcconfig */ = {isa = PBXFileReference; includeInIndex = 1; lastKnownFileType = text.xcconfig; name = "Pods-RCtest-BunJangApp.release.xcconfig"; path = "Target Support Files/Pods-RCtest-BunJangApp/Pods-RCtest-BunJangApp.release.xcconfig"; sourceTree = "<group>"; };
		E520426328844E4C00B4F830 /* RegisterCollectionViewCell.swift */ = {isa = PBXFileReference; lastKnownFileType = sourcecode.swift; path = RegisterCollectionViewCell.swift; sourceTree = "<group>"; };
		E520426428844E4C00B4F830 /* RegisterCollectionViewCell.xib */ = {isa = PBXFileReference; lastKnownFileType = file.xib; path = RegisterCollectionViewCell.xib; sourceTree = "<group>"; };
		E54CE7C628827E1500537C09 /* RCtest-BunJangApp.app */ = {isa = PBXFileReference; explicitFileType = wrapper.application; includeInIndex = 0; path = "RCtest-BunJangApp.app"; sourceTree = BUILT_PRODUCTS_DIR; };
		E54CE7C928827E1500537C09 /* AppDelegate.swift */ = {isa = PBXFileReference; lastKnownFileType = sourcecode.swift; path = AppDelegate.swift; sourceTree = "<group>"; };
		E54CE7CB28827E1500537C09 /* SceneDelegate.swift */ = {isa = PBXFileReference; lastKnownFileType = sourcecode.swift; path = SceneDelegate.swift; sourceTree = "<group>"; };
		E54CE7D028827E1500537C09 /* Base */ = {isa = PBXFileReference; lastKnownFileType = file.storyboard; name = Base; path = Base.lproj/Main.storyboard; sourceTree = "<group>"; };
		E54CE7D328827E1500537C09 /* RCtest_BunJangApp.xcdatamodel */ = {isa = PBXFileReference; lastKnownFileType = wrapper.xcdatamodel; path = RCtest_BunJangApp.xcdatamodel; sourceTree = "<group>"; };
		E54CE7D528827E1500537C09 /* Assets.xcassets */ = {isa = PBXFileReference; lastKnownFileType = folder.assetcatalog; path = Assets.xcassets; sourceTree = "<group>"; };
		E54CE7D828827E1500537C09 /* Base */ = {isa = PBXFileReference; lastKnownFileType = file.storyboard; name = Base; path = Base.lproj/LaunchScreen.storyboard; sourceTree = "<group>"; };
		E54CE7DA28827E1500537C09 /* Info.plist */ = {isa = PBXFileReference; lastKnownFileType = text.plist.xml; path = Info.plist; sourceTree = "<group>"; };
		E54CE7DF28827E1600537C09 /* RCtest-BunJangAppTests.xctest */ = {isa = PBXFileReference; explicitFileType = wrapper.cfbundle; includeInIndex = 0; path = "RCtest-BunJangAppTests.xctest"; sourceTree = BUILT_PRODUCTS_DIR; };
		E54CE7E328827E1600537C09 /* RCtest_BunJangAppTests.swift */ = {isa = PBXFileReference; lastKnownFileType = sourcecode.swift; path = RCtest_BunJangAppTests.swift; sourceTree = "<group>"; };
		E54CE7E928827E1600537C09 /* RCtest-BunJangAppUITests.xctest */ = {isa = PBXFileReference; explicitFileType = wrapper.cfbundle; includeInIndex = 0; path = "RCtest-BunJangAppUITests.xctest"; sourceTree = BUILT_PRODUCTS_DIR; };
		E54CE7ED28827E1600537C09 /* RCtest_BunJangAppUITests.swift */ = {isa = PBXFileReference; lastKnownFileType = sourcecode.swift; path = RCtest_BunJangAppUITests.swift; sourceTree = "<group>"; };
		E54CE7EF28827E1600537C09 /* RCtest_BunJangAppUITestsLaunchTests.swift */ = {isa = PBXFileReference; lastKnownFileType = sourcecode.swift; path = RCtest_BunJangAppUITestsLaunchTests.swift; sourceTree = "<group>"; };
		E54CE809288318C000537C09 /* BaseViewController.swift */ = {isa = PBXFileReference; lastKnownFileType = sourcecode.swift; path = BaseViewController.swift; sourceTree = "<group>"; };
		E54CE80B2883199E00537C09 /* LoginViewController.swift */ = {isa = PBXFileReference; lastKnownFileType = sourcecode.swift; path = LoginViewController.swift; sourceTree = "<group>"; };
		E54CE81028831EBF00537C09 /* Color.swift */ = {isa = PBXFileReference; lastKnownFileType = sourcecode.swift; path = Color.swift; sourceTree = "<group>"; };
		E54CE8162883289900537C09 /* Cafe24Ohsquare.ttf */ = {isa = PBXFileReference; lastKnownFileType = file; name = Cafe24Ohsquare.ttf; path = "../../../../번개장터/로그인화면/Cafe24Ohsquare/Cafe24Ohsquare.ttf"; sourceTree = "<group>"; };
		E54CE81828832EE600537C09 /* LoginCollectionViewCell.swift */ = {isa = PBXFileReference; lastKnownFileType = sourcecode.swift; path = LoginCollectionViewCell.swift; sourceTree = "<group>"; };
		E54CE81C28833D6800537C09 /* DifferentLoginViewController.swift */ = {isa = PBXFileReference; lastKnownFileType = sourcecode.swift; path = DifferentLoginViewController.swift; sourceTree = "<group>"; };
		E54CE81E28834F6F00537C09 /* HomeViewController.swift */ = {isa = PBXFileReference; lastKnownFileType = sourcecode.swift; path = HomeViewController.swift; sourceTree = "<group>"; };
		E54CE8202883524500537C09 /* SearchViewController.swift */ = {isa = PBXFileReference; lastKnownFileType = sourcecode.swift; path = SearchViewController.swift; sourceTree = "<group>"; };
		E589B95A2885483600B0490A /* HomeCategoryCollectionViewCell.swift */ = {isa = PBXFileReference; lastKnownFileType = sourcecode.swift; path = HomeCategoryCollectionViewCell.swift; sourceTree = "<group>"; };
		E589B95B2885483600B0490A /* HomeCategoryCollectionViewCell.xib */ = {isa = PBXFileReference; lastKnownFileType = file.xib; path = HomeCategoryCollectionViewCell.xib; sourceTree = "<group>"; };
		E589B95E28856A8300B0490A /* DiffLoginInputDataViewController.swift */ = {isa = PBXFileReference; lastKnownFileType = sourcecode.swift; path = DiffLoginInputDataViewController.swift; sourceTree = "<group>"; };
		E589B96028858CB600B0490A /* DifferentLoginDataPOST.swift */ = {isa = PBXFileReference; lastKnownFileType = sourcecode.swift; path = DifferentLoginDataPOST.swift; sourceTree = "<group>"; };
		E589B96228858D3A00B0490A /* DifferentLoginDataResponse.swift */ = {isa = PBXFileReference; lastKnownFileType = sourcecode.swift; path = DifferentLoginDataResponse.swift; sourceTree = "<group>"; };
		E589B9762885D25A00B0490A /* AllMenuViewController.swift */ = {isa = PBXFileReference; lastKnownFileType = sourcecode.swift; path = AllMenuViewController.swift; sourceTree = "<group>"; };
		E589B9782885D4D300B0490A /* AllMenuCategoryViewController.swift */ = {isa = PBXFileReference; lastKnownFileType = sourcecode.swift; path = AllMenuCategoryViewController.swift; sourceTree = "<group>"; };
		E589B97A2885D4E200B0490A /* AllMenuBrandViewController.swift */ = {isa = PBXFileReference; lastKnownFileType = sourcecode.swift; path = AllMenuBrandViewController.swift; sourceTree = "<group>"; };
		E589B97C2885D4EC00B0490A /* AllMenuServiceViewController.swift */ = {isa = PBXFileReference; lastKnownFileType = sourcecode.swift; path = AllMenuServiceViewController.swift; sourceTree = "<group>"; };
		E58AC3BD28847B3000D5816F /* MyPageViewController.swift */ = {isa = PBXFileReference; lastKnownFileType = sourcecode.swift; path = MyPageViewController.swift; sourceTree = "<group>"; };
		E5FDBAF02883E480003746F7 /* TabbarViewController.swift */ = {isa = PBXFileReference; lastKnownFileType = sourcecode.swift; path = TabbarViewController.swift; sourceTree = "<group>"; };
		E5FDBAF62883F031003746F7 /* RegisterViewController.swift */ = {isa = PBXFileReference; lastKnownFileType = sourcecode.swift; path = RegisterViewController.swift; sourceTree = "<group>"; };
		E5FDBAFA2883FB38003746F7 /* ChatViewController.swift */ = {isa = PBXFileReference; lastKnownFileType = sourcecode.swift; path = ChatViewController.swift; sourceTree = "<group>"; };
		E5FDBAFC2883FC08003746F7 /* ChatTableViewCell.swift */ = {isa = PBXFileReference; lastKnownFileType = sourcecode.swift; path = ChatTableViewCell.swift; sourceTree = "<group>"; };
		E5FDBAFD2883FC08003746F7 /* ChatTableViewCell.xib */ = {isa = PBXFileReference; lastKnownFileType = file.xib; path = ChatTableViewCell.xib; sourceTree = "<group>"; };
		E6543DB39C1B7D7C04C66896 /* Pods-RCtest-BunJangApp.debug.xcconfig */ = {isa = PBXFileReference; includeInIndex = 1; lastKnownFileType = text.xcconfig; name = "Pods-RCtest-BunJangApp.debug.xcconfig"; path = "Target Support Files/Pods-RCtest-BunJangApp/Pods-RCtest-BunJangApp.debug.xcconfig"; sourceTree = "<group>"; };
		F287E6B2ED2808D8E719EB33 /* Pods_RCtest_BunJangApp.framework */ = {isa = PBXFileReference; explicitFileType = wrapper.framework; includeInIndex = 0; path = Pods_RCtest_BunJangApp.framework; sourceTree = BUILT_PRODUCTS_DIR; };
		FE6FFA86396D1EB9D1EFC1EF /* Pods-RCtest-BunJangAppTests.release.xcconfig */ = {isa = PBXFileReference; includeInIndex = 1; lastKnownFileType = text.xcconfig; name = "Pods-RCtest-BunJangAppTests.release.xcconfig"; path = "Target Support Files/Pods-RCtest-BunJangAppTests/Pods-RCtest-BunJangAppTests.release.xcconfig"; sourceTree = "<group>"; };
		FFFE449B3774B17B1E2BC5A7 /* Pods-RCtest-BunJangApp-RCtest-BunJangAppUITests.release.xcconfig */ = {isa = PBXFileReference; includeInIndex = 1; lastKnownFileType = text.xcconfig; name = "Pods-RCtest-BunJangApp-RCtest-BunJangAppUITests.release.xcconfig"; path = "Target Support Files/Pods-RCtest-BunJangApp-RCtest-BunJangAppUITests/Pods-RCtest-BunJangApp-RCtest-BunJangAppUITests.release.xcconfig"; sourceTree = "<group>"; };
/* End PBXFileReference section */

/* Begin PBXFrameworksBuildPhase section */
		E54CE7C328827E1500537C09 /* Frameworks */ = {
			isa = PBXFrameworksBuildPhase;
			buildActionMask = 2147483647;
			files = (
				707B9437CA0646A776BF8505 /* Pods_RCtest_BunJangApp.framework in Frameworks */,
			);
			runOnlyForDeploymentPostprocessing = 0;
		};
		E54CE7DC28827E1600537C09 /* Frameworks */ = {
			isa = PBXFrameworksBuildPhase;
			buildActionMask = 2147483647;
			files = (
				61E74F902C11D92BC48C34DF /* Pods_RCtest_BunJangAppTests.framework in Frameworks */,
			);
			runOnlyForDeploymentPostprocessing = 0;
		};
		E54CE7E628827E1600537C09 /* Frameworks */ = {
			isa = PBXFrameworksBuildPhase;
			buildActionMask = 2147483647;
			files = (
				B559EAE41537BF09BA882606 /* Pods_RCtest_BunJangApp_RCtest_BunJangAppUITests.framework in Frameworks */,
			);
			runOnlyForDeploymentPostprocessing = 0;
		};
/* End PBXFrameworksBuildPhase section */

/* Begin PBXGroup section */
		B59D172008CE979D6A2BE88E /* Frameworks */ = {
			isa = PBXGroup;
			children = (
				F287E6B2ED2808D8E719EB33 /* Pods_RCtest_BunJangApp.framework */,
				1EBDCCE0CA082E49BB50ABAF /* Pods_RCtest_BunJangApp_RCtest_BunJangAppUITests.framework */,
				5DCC176D95F23E5052445621 /* Pods_RCtest_BunJangAppTests.framework */,
			);
			name = Frameworks;
			sourceTree = "<group>";
		};
		D28B7F2D7709A55D12CB3D4F /* Pods */ = {
			isa = PBXGroup;
			children = (
				E6543DB39C1B7D7C04C66896 /* Pods-RCtest-BunJangApp.debug.xcconfig */,
				A5D816A76B16D80DD8CC45AF /* Pods-RCtest-BunJangApp.release.xcconfig */,
				8C33F38CEDCA93AB0D4952D3 /* Pods-RCtest-BunJangApp-RCtest-BunJangAppUITests.debug.xcconfig */,
				FFFE449B3774B17B1E2BC5A7 /* Pods-RCtest-BunJangApp-RCtest-BunJangAppUITests.release.xcconfig */,
				8F288B902316DCE6AB6C5E67 /* Pods-RCtest-BunJangAppTests.debug.xcconfig */,
				FE6FFA86396D1EB9D1EFC1EF /* Pods-RCtest-BunJangAppTests.release.xcconfig */,
			);
			path = Pods;
			sourceTree = "<group>";
		};
		E54CE7BD28827E1500537C09 = {
			isa = PBXGroup;
			children = (
				E54CE7C828827E1500537C09 /* RCtest-BunJangApp */,
				E54CE7FE2883147C00537C09 /* Network */,
				E54CE7FD2883147600537C09 /* Action */,
				E54CE7FC2883146A00537C09 /* Configuration */,
				E54CE7E228827E1600537C09 /* RCtest-BunJangAppTests */,
				E54CE7EC28827E1600537C09 /* RCtest-BunJangAppUITests */,
				E54CE7C728827E1500537C09 /* Products */,
				D28B7F2D7709A55D12CB3D4F /* Pods */,
				B59D172008CE979D6A2BE88E /* Frameworks */,
			);
			sourceTree = "<group>";
		};
		E54CE7C728827E1500537C09 /* Products */ = {
			isa = PBXGroup;
			children = (
				E54CE7C628827E1500537C09 /* RCtest-BunJangApp.app */,
				E54CE7DF28827E1600537C09 /* RCtest-BunJangAppTests.xctest */,
				E54CE7E928827E1600537C09 /* RCtest-BunJangAppUITests.xctest */,
			);
			name = Products;
			sourceTree = "<group>";
		};
		E54CE7C828827E1500537C09 /* RCtest-BunJangApp */ = {
			isa = PBXGroup;
			children = (
				E54CE7C928827E1500537C09 /* AppDelegate.swift */,
				E54CE7CB28827E1500537C09 /* SceneDelegate.swift */,
				E54CE7CF28827E1500537C09 /* Main.storyboard */,
				E54CE7D528827E1500537C09 /* Assets.xcassets */,
				E54CE7D728827E1500537C09 /* LaunchScreen.storyboard */,
				E54CE7DA28827E1500537C09 /* Info.plist */,
				E54CE7D228827E1500537C09 /* RCtest_BunJangApp.xcdatamodeld */,
			);
			path = "RCtest-BunJangApp";
			sourceTree = "<group>";
		};
		E54CE7E228827E1600537C09 /* RCtest-BunJangAppTests */ = {
			isa = PBXGroup;
			children = (
				E54CE7E328827E1600537C09 /* RCtest_BunJangAppTests.swift */,
			);
			path = "RCtest-BunJangAppTests";
			sourceTree = "<group>";
		};
		E54CE7EC28827E1600537C09 /* RCtest-BunJangAppUITests */ = {
			isa = PBXGroup;
			children = (
				E54CE7ED28827E1600537C09 /* RCtest_BunJangAppUITests.swift */,
				E54CE7EF28827E1600537C09 /* RCtest_BunJangAppUITestsLaunchTests.swift */,
			);
			path = "RCtest-BunJangAppUITests";
			sourceTree = "<group>";
		};
		E54CE7FC2883146A00537C09 /* Configuration */ = {
			isa = PBXGroup;
			children = (
				E54CE80F28831EAB00537C09 /* Extention */,
				E54CE807288314F400537C09 /* Base */,
				E54CE808288314F800537C09 /* Font */,
				E54CE806288314DF00537C09 /* Extension */,
				E54CE805288314D600537C09 /* Secret */,
				E54CE804288314CC00537C09 /* Constant */,
			);
			path = Configuration;
			sourceTree = "<group>";
		};
		E54CE7FD2883147600537C09 /* Action */ = {
			isa = PBXGroup;
			children = (
				E54CE8002883149200537C09 /* Transition */,
				E54CE7FF2883148A00537C09 /* Alert */,
			);
			path = Action;
			sourceTree = "<group>";
		};
		E54CE7FE2883147C00537C09 /* Network */ = {
			isa = PBXGroup;
			children = (
				E54CE80E28831A8200537C09 /* Cell */,
				E54CE8012883149D00537C09 /* View */,
				E54CE803288314AF00537C09 /* Entity */,
				E54CE802288314A700537C09 /* DataManager */,
			);
			path = Network;
			sourceTree = "<group>";
		};
		E54CE7FF2883148A00537C09 /* Alert */ = {
			isa = PBXGroup;
			children = (
			);
			path = Alert;
			sourceTree = "<group>";
		};
		E54CE8002883149200537C09 /* Transition */ = {
			isa = PBXGroup;
			children = (
			);
			path = Transition;
			sourceTree = "<group>";
		};
		E54CE8012883149D00537C09 /* View */ = {
			isa = PBXGroup;
			children = (
				E54CE80B2883199E00537C09 /* LoginViewController.swift */,
				E54CE81C28833D6800537C09 /* DifferentLoginViewController.swift */,
				E54CE81E28834F6F00537C09 /* HomeViewController.swift */,
				E54CE8202883524500537C09 /* SearchViewController.swift */,
				E5FDBAF02883E480003746F7 /* TabbarViewController.swift */,
				E5FDBAF62883F031003746F7 /* RegisterViewController.swift */,
				E5FDBAFA2883FB38003746F7 /* ChatViewController.swift */,
				E58AC3BD28847B3000D5816F /* MyPageViewController.swift */,
				E589B95E28856A8300B0490A /* DiffLoginInputDataViewController.swift */,
				E589B9762885D25A00B0490A /* AllMenuViewController.swift */,
				E589B9782885D4D300B0490A /* AllMenuCategoryViewController.swift */,
				E589B97A2885D4E200B0490A /* AllMenuBrandViewController.swift */,
				E589B97C2885D4EC00B0490A /* AllMenuServiceViewController.swift */,
			);
			path = View;
			sourceTree = "<group>";
		};
		E54CE802288314A700537C09 /* DataManager */ = {
			isa = PBXGroup;
			children = (
			);
			path = DataManager;
			sourceTree = "<group>";
		};
		E54CE803288314AF00537C09 /* Entity */ = {
			isa = PBXGroup;
			children = (
				E589B96028858CB600B0490A /* DifferentLoginDataPOST.swift */,
				E589B96228858D3A00B0490A /* DifferentLoginDataResponse.swift */,
			);
			path = Entity;
			sourceTree = "<group>";
		};
		E54CE804288314CC00537C09 /* Constant */ = {
			isa = PBXGroup;
			children = (
			);
			path = Constant;
			sourceTree = "<group>";
		};
		E54CE805288314D600537C09 /* Secret */ = {
			isa = PBXGroup;
			children = (
			);
			path = Secret;
			sourceTree = "<group>";
		};
		E54CE806288314DF00537C09 /* Extension */ = {
			isa = PBXGroup;
			children = (
			);
			path = Extension;
			sourceTree = "<group>";
		};
		E54CE807288314F400537C09 /* Base */ = {
			isa = PBXGroup;
			children = (
				E54CE809288318C000537C09 /* BaseViewController.swift */,
			);
			path = Base;
			sourceTree = "<group>";
		};
		E54CE808288314F800537C09 /* Font */ = {
			isa = PBXGroup;
			children = (
				E54CE8162883289900537C09 /* Cafe24Ohsquare.ttf */,
			);
			path = Font;
			sourceTree = "<group>";
		};
		E54CE80E28831A8200537C09 /* Cell */ = {
			isa = PBXGroup;
			children = (
				E54CE81828832EE600537C09 /* LoginCollectionViewCell.swift */,
				E5FDBAFC2883FC08003746F7 /* ChatTableViewCell.swift */,
				E5FDBAFD2883FC08003746F7 /* ChatTableViewCell.xib */,
				E520426328844E4C00B4F830 /* RegisterCollectionViewCell.swift */,
				E520426428844E4C00B4F830 /* RegisterCollectionViewCell.xib */,
				E589B95A2885483600B0490A /* HomeCategoryCollectionViewCell.swift */,
				E589B95B2885483600B0490A /* HomeCategoryCollectionViewCell.xib */,
			);
			path = Cell;
			sourceTree = "<group>";
		};
		E54CE80F28831EAB00537C09 /* Extention */ = {
			isa = PBXGroup;
			children = (
				E54CE81028831EBF00537C09 /* Color.swift */,
			);
			path = Extention;
			sourceTree = "<group>";
		};
/* End PBXGroup section */

/* Begin PBXNativeTarget section */
		E54CE7C528827E1500537C09 /* RCtest-BunJangApp */ = {
			isa = PBXNativeTarget;
			buildConfigurationList = E54CE7F328827E1600537C09 /* Build configuration list for PBXNativeTarget "RCtest-BunJangApp" */;
			buildPhases = (
				140E72975B146F4AEA1E6125 /* [CP] Check Pods Manifest.lock */,
				E54CE7C228827E1500537C09 /* Sources */,
				E54CE7C328827E1500537C09 /* Frameworks */,
				E54CE7C428827E1500537C09 /* Resources */,
				AAF1B634F59EFD6772519739 /* [CP] Embed Pods Frameworks */,
			);
			buildRules = (
			);
			dependencies = (
			);
			name = "RCtest-BunJangApp";
			productName = "RCtest-BunJangApp";
			productReference = E54CE7C628827E1500537C09 /* RCtest-BunJangApp.app */;
			productType = "com.apple.product-type.application";
		};
		E54CE7DE28827E1600537C09 /* RCtest-BunJangAppTests */ = {
			isa = PBXNativeTarget;
			buildConfigurationList = E54CE7F628827E1600537C09 /* Build configuration list for PBXNativeTarget "RCtest-BunJangAppTests" */;
			buildPhases = (
				A6E3EC67AC4752CF8411B6AF /* [CP] Check Pods Manifest.lock */,
				E54CE7DB28827E1600537C09 /* Sources */,
				E54CE7DC28827E1600537C09 /* Frameworks */,
				E54CE7DD28827E1600537C09 /* Resources */,
			);
			buildRules = (
			);
			dependencies = (
				E54CE7E128827E1600537C09 /* PBXTargetDependency */,
			);
			name = "RCtest-BunJangAppTests";
			productName = "RCtest-BunJangAppTests";
			productReference = E54CE7DF28827E1600537C09 /* RCtest-BunJangAppTests.xctest */;
			productType = "com.apple.product-type.bundle.unit-test";
		};
		E54CE7E828827E1600537C09 /* RCtest-BunJangAppUITests */ = {
			isa = PBXNativeTarget;
			buildConfigurationList = E54CE7F928827E1600537C09 /* Build configuration list for PBXNativeTarget "RCtest-BunJangAppUITests" */;
			buildPhases = (
				CA0334E4E088455679F1B004 /* [CP] Check Pods Manifest.lock */,
				E54CE7E528827E1600537C09 /* Sources */,
				E54CE7E628827E1600537C09 /* Frameworks */,
				E54CE7E728827E1600537C09 /* Resources */,
				C3FB01175E98E5C8D154F6F3 /* [CP] Embed Pods Frameworks */,
			);
			buildRules = (
			);
			dependencies = (
				E54CE7EB28827E1600537C09 /* PBXTargetDependency */,
			);
			name = "RCtest-BunJangAppUITests";
			productName = "RCtest-BunJangAppUITests";
			productReference = E54CE7E928827E1600537C09 /* RCtest-BunJangAppUITests.xctest */;
			productType = "com.apple.product-type.bundle.ui-testing";
		};
/* End PBXNativeTarget section */

/* Begin PBXProject section */
		E54CE7BE28827E1500537C09 /* Project object */ = {
			isa = PBXProject;
			attributes = {
				BuildIndependentTargetsInParallel = 1;
				LastSwiftUpdateCheck = 1340;
				LastUpgradeCheck = 1340;
				TargetAttributes = {
					E54CE7C528827E1500537C09 = {
						CreatedOnToolsVersion = 13.4.1;
					};
					E54CE7DE28827E1600537C09 = {
						CreatedOnToolsVersion = 13.4.1;
						TestTargetID = E54CE7C528827E1500537C09;
					};
					E54CE7E828827E1600537C09 = {
						CreatedOnToolsVersion = 13.4.1;
						TestTargetID = E54CE7C528827E1500537C09;
					};
				};
			};
			buildConfigurationList = E54CE7C128827E1500537C09 /* Build configuration list for PBXProject "RCtest-BunJangApp" */;
			compatibilityVersion = "Xcode 13.0";
			developmentRegion = en;
			hasScannedForEncodings = 0;
			knownRegions = (
				en,
				Base,
			);
			mainGroup = E54CE7BD28827E1500537C09;
			productRefGroup = E54CE7C728827E1500537C09 /* Products */;
			projectDirPath = "";
			projectRoot = "";
			targets = (
				E54CE7C528827E1500537C09 /* RCtest-BunJangApp */,
				E54CE7DE28827E1600537C09 /* RCtest-BunJangAppTests */,
				E54CE7E828827E1600537C09 /* RCtest-BunJangAppUITests */,
			);
		};
/* End PBXProject section */

/* Begin PBXResourcesBuildPhase section */
		E54CE7C428827E1500537C09 /* Resources */ = {
			isa = PBXResourcesBuildPhase;
			buildActionMask = 2147483647;
			files = (
				E54CE7D928827E1500537C09 /* LaunchScreen.storyboard in Resources */,
				E589B95D2885483600B0490A /* HomeCategoryCollectionViewCell.xib in Resources */,
				E54CE8172883289900537C09 /* Cafe24Ohsquare.ttf in Resources */,
				E5FDBAFF2883FC08003746F7 /* ChatTableViewCell.xib in Resources */,
				E520426628844E4C00B4F830 /* RegisterCollectionViewCell.xib in Resources */,
				E54CE7D628827E1500537C09 /* Assets.xcassets in Resources */,
				E54CE7D128827E1500537C09 /* Main.storyboard in Resources */,
			);
			runOnlyForDeploymentPostprocessing = 0;
		};
		E54CE7DD28827E1600537C09 /* Resources */ = {
			isa = PBXResourcesBuildPhase;
			buildActionMask = 2147483647;
			files = (
			);
			runOnlyForDeploymentPostprocessing = 0;
		};
		E54CE7E728827E1600537C09 /* Resources */ = {
			isa = PBXResourcesBuildPhase;
			buildActionMask = 2147483647;
			files = (
			);
			runOnlyForDeploymentPostprocessing = 0;
		};
/* End PBXResourcesBuildPhase section */

/* Begin PBXShellScriptBuildPhase section */
		140E72975B146F4AEA1E6125 /* [CP] Check Pods Manifest.lock */ = {
			isa = PBXShellScriptBuildPhase;
			buildActionMask = 2147483647;
			files = (
			);
			inputFileListPaths = (
			);
			inputPaths = (
				"${PODS_PODFILE_DIR_PATH}/Podfile.lock",
				"${PODS_ROOT}/Manifest.lock",
			);
			name = "[CP] Check Pods Manifest.lock";
			outputFileListPaths = (
			);
			outputPaths = (
				"$(DERIVED_FILE_DIR)/Pods-RCtest-BunJangApp-checkManifestLockResult.txt",
			);
			runOnlyForDeploymentPostprocessing = 0;
			shellPath = /bin/sh;
			shellScript = "diff \"${PODS_PODFILE_DIR_PATH}/Podfile.lock\" \"${PODS_ROOT}/Manifest.lock\" > /dev/null\nif [ $? != 0 ] ; then\n    # print error to STDERR\n    echo \"error: The sandbox is not in sync with the Podfile.lock. Run 'pod install' or update your CocoaPods installation.\" >&2\n    exit 1\nfi\n# This output is used by Xcode 'outputs' to avoid re-running this script phase.\necho \"SUCCESS\" > \"${SCRIPT_OUTPUT_FILE_0}\"\n";
			showEnvVarsInLog = 0;
		};
		A6E3EC67AC4752CF8411B6AF /* [CP] Check Pods Manifest.lock */ = {
			isa = PBXShellScriptBuildPhase;
			buildActionMask = 2147483647;
			files = (
			);
			inputFileListPaths = (
			);
			inputPaths = (
				"${PODS_PODFILE_DIR_PATH}/Podfile.lock",
				"${PODS_ROOT}/Manifest.lock",
			);
			name = "[CP] Check Pods Manifest.lock";
			outputFileListPaths = (
			);
			outputPaths = (
				"$(DERIVED_FILE_DIR)/Pods-RCtest-BunJangAppTests-checkManifestLockResult.txt",
			);
			runOnlyForDeploymentPostprocessing = 0;
			shellPath = /bin/sh;
			shellScript = "diff \"${PODS_PODFILE_DIR_PATH}/Podfile.lock\" \"${PODS_ROOT}/Manifest.lock\" > /dev/null\nif [ $? != 0 ] ; then\n    # print error to STDERR\n    echo \"error: The sandbox is not in sync with the Podfile.lock. Run 'pod install' or update your CocoaPods installation.\" >&2\n    exit 1\nfi\n# This output is used by Xcode 'outputs' to avoid re-running this script phase.\necho \"SUCCESS\" > \"${SCRIPT_OUTPUT_FILE_0}\"\n";
			showEnvVarsInLog = 0;
		};
		AAF1B634F59EFD6772519739 /* [CP] Embed Pods Frameworks */ = {
			isa = PBXShellScriptBuildPhase;
			buildActionMask = 2147483647;
			files = (
			);
			inputFileListPaths = (
				"${PODS_ROOT}/Target Support Files/Pods-RCtest-BunJangApp/Pods-RCtest-BunJangApp-frameworks-${CONFIGURATION}-input-files.xcfilelist",
			);
			name = "[CP] Embed Pods Frameworks";
			outputFileListPaths = (
				"${PODS_ROOT}/Target Support Files/Pods-RCtest-BunJangApp/Pods-RCtest-BunJangApp-frameworks-${CONFIGURATION}-output-files.xcfilelist",
			);
			runOnlyForDeploymentPostprocessing = 0;
			shellPath = /bin/sh;
			shellScript = "\"${PODS_ROOT}/Target Support Files/Pods-RCtest-BunJangApp/Pods-RCtest-BunJangApp-frameworks.sh\"\n";
			showEnvVarsInLog = 0;
		};
		C3FB01175E98E5C8D154F6F3 /* [CP] Embed Pods Frameworks */ = {
			isa = PBXShellScriptBuildPhase;
			buildActionMask = 2147483647;
			files = (
			);
			inputFileListPaths = (
				"${PODS_ROOT}/Target Support Files/Pods-RCtest-BunJangApp-RCtest-BunJangAppUITests/Pods-RCtest-BunJangApp-RCtest-BunJangAppUITests-frameworks-${CONFIGURATION}-input-files.xcfilelist",
			);
			name = "[CP] Embed Pods Frameworks";
			outputFileListPaths = (
				"${PODS_ROOT}/Target Support Files/Pods-RCtest-BunJangApp-RCtest-BunJangAppUITests/Pods-RCtest-BunJangApp-RCtest-BunJangAppUITests-frameworks-${CONFIGURATION}-output-files.xcfilelist",
			);
			runOnlyForDeploymentPostprocessing = 0;
			shellPath = /bin/sh;
			shellScript = "\"${PODS_ROOT}/Target Support Files/Pods-RCtest-BunJangApp-RCtest-BunJangAppUITests/Pods-RCtest-BunJangApp-RCtest-BunJangAppUITests-frameworks.sh\"\n";
			showEnvVarsInLog = 0;
		};
		CA0334E4E088455679F1B004 /* [CP] Check Pods Manifest.lock */ = {
			isa = PBXShellScriptBuildPhase;
			buildActionMask = 2147483647;
			files = (
			);
			inputFileListPaths = (
			);
			inputPaths = (
				"${PODS_PODFILE_DIR_PATH}/Podfile.lock",
				"${PODS_ROOT}/Manifest.lock",
			);
			name = "[CP] Check Pods Manifest.lock";
			outputFileListPaths = (
			);
			outputPaths = (
				"$(DERIVED_FILE_DIR)/Pods-RCtest-BunJangApp-RCtest-BunJangAppUITests-checkManifestLockResult.txt",
			);
			runOnlyForDeploymentPostprocessing = 0;
			shellPath = /bin/sh;
			shellScript = "diff \"${PODS_PODFILE_DIR_PATH}/Podfile.lock\" \"${PODS_ROOT}/Manifest.lock\" > /dev/null\nif [ $? != 0 ] ; then\n    # print error to STDERR\n    echo \"error: The sandbox is not in sync with the Podfile.lock. Run 'pod install' or update your CocoaPods installation.\" >&2\n    exit 1\nfi\n# This output is used by Xcode 'outputs' to avoid re-running this script phase.\necho \"SUCCESS\" > \"${SCRIPT_OUTPUT_FILE_0}\"\n";
			showEnvVarsInLog = 0;
		};
/* End PBXShellScriptBuildPhase section */

/* Begin PBXSourcesBuildPhase section */
		E54CE7C228827E1500537C09 /* Sources */ = {
			isa = PBXSourcesBuildPhase;
			buildActionMask = 2147483647;
			files = (
				E54CE8212883524500537C09 /* SearchViewController.swift in Sources */,
				E54CE80C2883199E00537C09 /* LoginViewController.swift in Sources */,
				E5FDBAF12883E480003746F7 /* TabbarViewController.swift in Sources */,
				E54CE80A288318C000537C09 /* BaseViewController.swift in Sources */,
				E54CE81928832EE600537C09 /* LoginCollectionViewCell.swift in Sources */,
				E589B95C2885483600B0490A /* HomeCategoryCollectionViewCell.swift in Sources */,
				E520426528844E4C00B4F830 /* RegisterCollectionViewCell.swift in Sources */,
				E589B97D2885D4EC00B0490A /* AllMenuServiceViewController.swift in Sources */,
				E54CE7D428827E1500537C09 /* RCtest_BunJangApp.xcdatamodeld in Sources */,
				E589B95F28856A8300B0490A /* DiffLoginInputDataViewController.swift in Sources */,
				E589B9792885D4D300B0490A /* AllMenuCategoryViewController.swift in Sources */,
				E58AC3BE28847B3000D5816F /* MyPageViewController.swift in Sources */,
				E54CE81D28833D6800537C09 /* DifferentLoginViewController.swift in Sources */,
				E54CE81F28834F6F00537C09 /* HomeViewController.swift in Sources */,
				E54CE7CA28827E1500537C09 /* AppDelegate.swift in Sources */,
				E589B96128858CB600B0490A /* DifferentLoginDataPOST.swift in Sources */,
				E5FDBAFB2883FB38003746F7 /* ChatViewController.swift in Sources */,
				E54CE7CC28827E1500537C09 /* SceneDelegate.swift in Sources */,
				E589B96328858D3A00B0490A /* DifferentLoginDataResponse.swift in Sources */,
				E589B9772885D25A00B0490A /* AllMenuViewController.swift in Sources */,
				E5FDBAFE2883FC08003746F7 /* ChatTableViewCell.swift in Sources */,
				E589B97B2885D4E200B0490A /* AllMenuBrandViewController.swift in Sources */,
				E5FDBAF72883F031003746F7 /* RegisterViewController.swift in Sources */,
				E54CE81128831EBF00537C09 /* Color.swift in Sources */,
			);
			runOnlyForDeploymentPostprocessing = 0;
		};
		E54CE7DB28827E1600537C09 /* Sources */ = {
			isa = PBXSourcesBuildPhase;
			buildActionMask = 2147483647;
			files = (
				E54CE7E428827E1600537C09 /* RCtest_BunJangAppTests.swift in Sources */,
			);
			runOnlyForDeploymentPostprocessing = 0;
		};
		E54CE7E528827E1600537C09 /* Sources */ = {
			isa = PBXSourcesBuildPhase;
			buildActionMask = 2147483647;
			files = (
				E54CE7EE28827E1600537C09 /* RCtest_BunJangAppUITests.swift in Sources */,
				E54CE7F028827E1600537C09 /* RCtest_BunJangAppUITestsLaunchTests.swift in Sources */,
			);
			runOnlyForDeploymentPostprocessing = 0;
		};
/* End PBXSourcesBuildPhase section */

/* Begin PBXTargetDependency section */
		E54CE7E128827E1600537C09 /* PBXTargetDependency */ = {
			isa = PBXTargetDependency;
			target = E54CE7C528827E1500537C09 /* RCtest-BunJangApp */;
			targetProxy = E54CE7E028827E1600537C09 /* PBXContainerItemProxy */;
		};
		E54CE7EB28827E1600537C09 /* PBXTargetDependency */ = {
			isa = PBXTargetDependency;
			target = E54CE7C528827E1500537C09 /* RCtest-BunJangApp */;
			targetProxy = E54CE7EA28827E1600537C09 /* PBXContainerItemProxy */;
		};
/* End PBXTargetDependency section */

/* Begin PBXVariantGroup section */
		E54CE7CF28827E1500537C09 /* Main.storyboard */ = {
			isa = PBXVariantGroup;
			children = (
				E54CE7D028827E1500537C09 /* Base */,
			);
			name = Main.storyboard;
			sourceTree = "<group>";
		};
		E54CE7D728827E1500537C09 /* LaunchScreen.storyboard */ = {
			isa = PBXVariantGroup;
			children = (
				E54CE7D828827E1500537C09 /* Base */,
			);
			name = LaunchScreen.storyboard;
			sourceTree = "<group>";
		};
/* End PBXVariantGroup section */

/* Begin XCBuildConfiguration section */
		E54CE7F128827E1600537C09 /* Debug */ = {
			isa = XCBuildConfiguration;
			buildSettings = {
				ALWAYS_SEARCH_USER_PATHS = NO;
				CLANG_ANALYZER_NONNULL = YES;
				CLANG_ANALYZER_NUMBER_OBJECT_CONVERSION = YES_AGGRESSIVE;
				CLANG_CXX_LANGUAGE_STANDARD = "gnu++17";
				CLANG_ENABLE_MODULES = YES;
				CLANG_ENABLE_OBJC_ARC = YES;
				CLANG_ENABLE_OBJC_WEAK = YES;
				CLANG_WARN_BLOCK_CAPTURE_AUTORELEASING = YES;
				CLANG_WARN_BOOL_CONVERSION = YES;
				CLANG_WARN_COMMA = YES;
				CLANG_WARN_CONSTANT_CONVERSION = YES;
				CLANG_WARN_DEPRECATED_OBJC_IMPLEMENTATIONS = YES;
				CLANG_WARN_DIRECT_OBJC_ISA_USAGE = YES_ERROR;
				CLANG_WARN_DOCUMENTATION_COMMENTS = YES;
				CLANG_WARN_EMPTY_BODY = YES;
				CLANG_WARN_ENUM_CONVERSION = YES;
				CLANG_WARN_INFINITE_RECURSION = YES;
				CLANG_WARN_INT_CONVERSION = YES;
				CLANG_WARN_NON_LITERAL_NULL_CONVERSION = YES;
				CLANG_WARN_OBJC_IMPLICIT_RETAIN_SELF = YES;
				CLANG_WARN_OBJC_LITERAL_CONVERSION = YES;
				CLANG_WARN_OBJC_ROOT_CLASS = YES_ERROR;
				CLANG_WARN_QUOTED_INCLUDE_IN_FRAMEWORK_HEADER = YES;
				CLANG_WARN_RANGE_LOOP_ANALYSIS = YES;
				CLANG_WARN_STRICT_PROTOTYPES = YES;
				CLANG_WARN_SUSPICIOUS_MOVE = YES;
				CLANG_WARN_UNGUARDED_AVAILABILITY = YES_AGGRESSIVE;
				CLANG_WARN_UNREACHABLE_CODE = YES;
				CLANG_WARN__DUPLICATE_METHOD_MATCH = YES;
				COPY_PHASE_STRIP = NO;
				DEBUG_INFORMATION_FORMAT = dwarf;
				ENABLE_STRICT_OBJC_MSGSEND = YES;
				ENABLE_TESTABILITY = YES;
				GCC_C_LANGUAGE_STANDARD = gnu11;
				GCC_DYNAMIC_NO_PIC = NO;
				GCC_NO_COMMON_BLOCKS = YES;
				GCC_OPTIMIZATION_LEVEL = 0;
				GCC_PREPROCESSOR_DEFINITIONS = (
					"DEBUG=1",
					"$(inherited)",
				);
				GCC_WARN_64_TO_32_BIT_CONVERSION = YES;
				GCC_WARN_ABOUT_RETURN_TYPE = YES_ERROR;
				GCC_WARN_UNDECLARED_SELECTOR = YES;
				GCC_WARN_UNINITIALIZED_AUTOS = YES_AGGRESSIVE;
				GCC_WARN_UNUSED_FUNCTION = YES;
				GCC_WARN_UNUSED_VARIABLE = YES;
				IPHONEOS_DEPLOYMENT_TARGET = 15.5;
				MTL_ENABLE_DEBUG_INFO = INCLUDE_SOURCE;
				MTL_FAST_MATH = YES;
				ONLY_ACTIVE_ARCH = YES;
				SDKROOT = iphoneos;
				SWIFT_ACTIVE_COMPILATION_CONDITIONS = DEBUG;
				SWIFT_OPTIMIZATION_LEVEL = "-Onone";
			};
			name = Debug;
		};
		E54CE7F228827E1600537C09 /* Release */ = {
			isa = XCBuildConfiguration;
			buildSettings = {
				ALWAYS_SEARCH_USER_PATHS = NO;
				CLANG_ANALYZER_NONNULL = YES;
				CLANG_ANALYZER_NUMBER_OBJECT_CONVERSION = YES_AGGRESSIVE;
				CLANG_CXX_LANGUAGE_STANDARD = "gnu++17";
				CLANG_ENABLE_MODULES = YES;
				CLANG_ENABLE_OBJC_ARC = YES;
				CLANG_ENABLE_OBJC_WEAK = YES;
				CLANG_WARN_BLOCK_CAPTURE_AUTORELEASING = YES;
				CLANG_WARN_BOOL_CONVERSION = YES;
				CLANG_WARN_COMMA = YES;
				CLANG_WARN_CONSTANT_CONVERSION = YES;
				CLANG_WARN_DEPRECATED_OBJC_IMPLEMENTATIONS = YES;
				CLANG_WARN_DIRECT_OBJC_ISA_USAGE = YES_ERROR;
				CLANG_WARN_DOCUMENTATION_COMMENTS = YES;
				CLANG_WARN_EMPTY_BODY = YES;
				CLANG_WARN_ENUM_CONVERSION = YES;
				CLANG_WARN_INFINITE_RECURSION = YES;
				CLANG_WARN_INT_CONVERSION = YES;
				CLANG_WARN_NON_LITERAL_NULL_CONVERSION = YES;
				CLANG_WARN_OBJC_IMPLICIT_RETAIN_SELF = YES;
				CLANG_WARN_OBJC_LITERAL_CONVERSION = YES;
				CLANG_WARN_OBJC_ROOT_CLASS = YES_ERROR;
				CLANG_WARN_QUOTED_INCLUDE_IN_FRAMEWORK_HEADER = YES;
				CLANG_WARN_RANGE_LOOP_ANALYSIS = YES;
				CLANG_WARN_STRICT_PROTOTYPES = YES;
				CLANG_WARN_SUSPICIOUS_MOVE = YES;
				CLANG_WARN_UNGUARDED_AVAILABILITY = YES_AGGRESSIVE;
				CLANG_WARN_UNREACHABLE_CODE = YES;
				CLANG_WARN__DUPLICATE_METHOD_MATCH = YES;
				COPY_PHASE_STRIP = NO;
				DEBUG_INFORMATION_FORMAT = "dwarf-with-dsym";
				ENABLE_NS_ASSERTIONS = NO;
				ENABLE_STRICT_OBJC_MSGSEND = YES;
				GCC_C_LANGUAGE_STANDARD = gnu11;
				GCC_NO_COMMON_BLOCKS = YES;
				GCC_WARN_64_TO_32_BIT_CONVERSION = YES;
				GCC_WARN_ABOUT_RETURN_TYPE = YES_ERROR;
				GCC_WARN_UNDECLARED_SELECTOR = YES;
				GCC_WARN_UNINITIALIZED_AUTOS = YES_AGGRESSIVE;
				GCC_WARN_UNUSED_FUNCTION = YES;
				GCC_WARN_UNUSED_VARIABLE = YES;
				IPHONEOS_DEPLOYMENT_TARGET = 15.5;
				MTL_ENABLE_DEBUG_INFO = NO;
				MTL_FAST_MATH = YES;
				SDKROOT = iphoneos;
				SWIFT_COMPILATION_MODE = wholemodule;
				SWIFT_OPTIMIZATION_LEVEL = "-O";
				VALIDATE_PRODUCT = YES;
			};
			name = Release;
		};
		E54CE7F428827E1600537C09 /* Debug */ = {
			isa = XCBuildConfiguration;
			baseConfigurationReference = E6543DB39C1B7D7C04C66896 /* Pods-RCtest-BunJangApp.debug.xcconfig */;
			buildSettings = {
				ASSETCATALOG_COMPILER_APPICON_NAME = AppIcon;
				ASSETCATALOG_COMPILER_GLOBAL_ACCENT_COLOR_NAME = AccentColor;
				CODE_SIGN_STYLE = Automatic;
				CURRENT_PROJECT_VERSION = 1;
				DEVELOPMENT_TEAM = 6CNX5P6BQG;
				GENERATE_INFOPLIST_FILE = YES;
				INFOPLIST_FILE = "RCtest-BunJangApp/Info.plist";
				INFOPLIST_KEY_UIApplicationSupportsIndirectInputEvents = YES;
				INFOPLIST_KEY_UILaunchStoryboardName = LaunchScreen;
				INFOPLIST_KEY_UIMainStoryboardFile = Main;
				INFOPLIST_KEY_UISupportedInterfaceOrientations = UIInterfaceOrientationPortrait;
				INFOPLIST_KEY_UISupportedInterfaceOrientations_iPad = "UIInterfaceOrientationPortrait UIInterfaceOrientationPortraitUpsideDown UIInterfaceOrientationLandscapeLeft UIInterfaceOrientationLandscapeRight";
				INFOPLIST_KEY_UISupportedInterfaceOrientations_iPhone = "UIInterfaceOrientationPortrait UIInterfaceOrientationLandscapeLeft UIInterfaceOrientationLandscapeRight";
				IPHONEOS_DEPLOYMENT_TARGET = 15.0;
				LD_RUNPATH_SEARCH_PATHS = (
					"$(inherited)",
					"@executable_path/Frameworks",
				);
				MARKETING_VERSION = 1.0;
				PRODUCT_BUNDLE_IDENTIFIER = "com.077tech.RCtest-BunJangApp";
				PRODUCT_NAME = "$(TARGET_NAME)";
				SWIFT_EMIT_LOC_STRINGS = YES;
				SWIFT_VERSION = 5.0;
				TARGETED_DEVICE_FAMILY = 1;
			};
			name = Debug;
		};
		E54CE7F528827E1600537C09 /* Release */ = {
			isa = XCBuildConfiguration;
			baseConfigurationReference = A5D816A76B16D80DD8CC45AF /* Pods-RCtest-BunJangApp.release.xcconfig */;
			buildSettings = {
				ASSETCATALOG_COMPILER_APPICON_NAME = AppIcon;
				ASSETCATALOG_COMPILER_GLOBAL_ACCENT_COLOR_NAME = AccentColor;
				CODE_SIGN_STYLE = Automatic;
				CURRENT_PROJECT_VERSION = 1;
				DEVELOPMENT_TEAM = 6CNX5P6BQG;
				GENERATE_INFOPLIST_FILE = YES;
				INFOPLIST_FILE = "RCtest-BunJangApp/Info.plist";
				INFOPLIST_KEY_UIApplicationSupportsIndirectInputEvents = YES;
				INFOPLIST_KEY_UILaunchStoryboardName = LaunchScreen;
				INFOPLIST_KEY_UIMainStoryboardFile = Main;
				INFOPLIST_KEY_UISupportedInterfaceOrientations = UIInterfaceOrientationPortrait;
				INFOPLIST_KEY_UISupportedInterfaceOrientations_iPad = "UIInterfaceOrientationPortrait UIInterfaceOrientationPortraitUpsideDown UIInterfaceOrientationLandscapeLeft UIInterfaceOrientationLandscapeRight";
				INFOPLIST_KEY_UISupportedInterfaceOrientations_iPhone = "UIInterfaceOrientationPortrait UIInterfaceOrientationLandscapeLeft UIInterfaceOrientationLandscapeRight";
				IPHONEOS_DEPLOYMENT_TARGET = 15.0;
				LD_RUNPATH_SEARCH_PATHS = (
					"$(inherited)",
					"@executable_path/Frameworks",
				);
				MARKETING_VERSION = 1.0;
				PRODUCT_BUNDLE_IDENTIFIER = "com.077tech.RCtest-BunJangApp";
				PRODUCT_NAME = "$(TARGET_NAME)";
				SWIFT_EMIT_LOC_STRINGS = YES;
				SWIFT_VERSION = 5.0;
				TARGETED_DEVICE_FAMILY = 1;
			};
			name = Release;
		};
		E54CE7F728827E1600537C09 /* Debug */ = {
			isa = XCBuildConfiguration;
			baseConfigurationReference = 8F288B902316DCE6AB6C5E67 /* Pods-RCtest-BunJangAppTests.debug.xcconfig */;
			buildSettings = {
				ALWAYS_EMBED_SWIFT_STANDARD_LIBRARIES = YES;
				BUNDLE_LOADER = "$(TEST_HOST)";
				CODE_SIGN_STYLE = Automatic;
				CURRENT_PROJECT_VERSION = 1;
				DEVELOPMENT_TEAM = 6CNX5P6BQG;
				GENERATE_INFOPLIST_FILE = YES;
				IPHONEOS_DEPLOYMENT_TARGET = 15.5;
				MARKETING_VERSION = 1.0;
				PRODUCT_BUNDLE_IDENTIFIER = "com.077tech.RCtest-BunJangAppTests";
				PRODUCT_NAME = "$(TARGET_NAME)";
				SWIFT_EMIT_LOC_STRINGS = NO;
				SWIFT_VERSION = 5.0;
				TARGETED_DEVICE_FAMILY = "1,2";
				TEST_HOST = "$(BUILT_PRODUCTS_DIR)/RCtest-BunJangApp.app/RCtest-BunJangApp";
			};
			name = Debug;
		};
		E54CE7F828827E1600537C09 /* Release */ = {
			isa = XCBuildConfiguration;
			baseConfigurationReference = FE6FFA86396D1EB9D1EFC1EF /* Pods-RCtest-BunJangAppTests.release.xcconfig */;
			buildSettings = {
				ALWAYS_EMBED_SWIFT_STANDARD_LIBRARIES = YES;
				BUNDLE_LOADER = "$(TEST_HOST)";
				CODE_SIGN_STYLE = Automatic;
				CURRENT_PROJECT_VERSION = 1;
				DEVELOPMENT_TEAM = 6CNX5P6BQG;
				GENERATE_INFOPLIST_FILE = YES;
				IPHONEOS_DEPLOYMENT_TARGET = 15.5;
				MARKETING_VERSION = 1.0;
				PRODUCT_BUNDLE_IDENTIFIER = "com.077tech.RCtest-BunJangAppTests";
				PRODUCT_NAME = "$(TARGET_NAME)";
				SWIFT_EMIT_LOC_STRINGS = NO;
				SWIFT_VERSION = 5.0;
				TARGETED_DEVICE_FAMILY = "1,2";
				TEST_HOST = "$(BUILT_PRODUCTS_DIR)/RCtest-BunJangApp.app/RCtest-BunJangApp";
			};
			name = Release;
		};
		E54CE7FA28827E1600537C09 /* Debug */ = {
			isa = XCBuildConfiguration;
			baseConfigurationReference = 8C33F38CEDCA93AB0D4952D3 /* Pods-RCtest-BunJangApp-RCtest-BunJangAppUITests.debug.xcconfig */;
			buildSettings = {
				ALWAYS_EMBED_SWIFT_STANDARD_LIBRARIES = YES;
				CODE_SIGN_STYLE = Automatic;
				CURRENT_PROJECT_VERSION = 1;
				DEVELOPMENT_TEAM = 6CNX5P6BQG;
				GENERATE_INFOPLIST_FILE = YES;
				MARKETING_VERSION = 1.0;
				PRODUCT_BUNDLE_IDENTIFIER = "com.077tech.RCtest-BunJangAppUITests";
				PRODUCT_NAME = "$(TARGET_NAME)";
				SWIFT_EMIT_LOC_STRINGS = NO;
				SWIFT_VERSION = 5.0;
				TARGETED_DEVICE_FAMILY = "1,2";
				TEST_TARGET_NAME = "RCtest-BunJangApp";
			};
			name = Debug;
		};
		E54CE7FB28827E1600537C09 /* Release */ = {
			isa = XCBuildConfiguration;
			baseConfigurationReference = FFFE449B3774B17B1E2BC5A7 /* Pods-RCtest-BunJangApp-RCtest-BunJangAppUITests.release.xcconfig */;
			buildSettings = {
				ALWAYS_EMBED_SWIFT_STANDARD_LIBRARIES = YES;
				CODE_SIGN_STYLE = Automatic;
				CURRENT_PROJECT_VERSION = 1;
				DEVELOPMENT_TEAM = 6CNX5P6BQG;
				GENERATE_INFOPLIST_FILE = YES;
				MARKETING_VERSION = 1.0;
				PRODUCT_BUNDLE_IDENTIFIER = "com.077tech.RCtest-BunJangAppUITests";
				PRODUCT_NAME = "$(TARGET_NAME)";
				SWIFT_EMIT_LOC_STRINGS = NO;
				SWIFT_VERSION = 5.0;
				TARGETED_DEVICE_FAMILY = "1,2";
				TEST_TARGET_NAME = "RCtest-BunJangApp";
			};
			name = Release;
		};
/* End XCBuildConfiguration section */

/* Begin XCConfigurationList section */
		E54CE7C128827E1500537C09 /* Build configuration list for PBXProject "RCtest-BunJangApp" */ = {
			isa = XCConfigurationList;
			buildConfigurations = (
				E54CE7F128827E1600537C09 /* Debug */,
				E54CE7F228827E1600537C09 /* Release */,
			);
			defaultConfigurationIsVisible = 0;
			defaultConfigurationName = Release;
		};
		E54CE7F328827E1600537C09 /* Build configuration list for PBXNativeTarget "RCtest-BunJangApp" */ = {
			isa = XCConfigurationList;
			buildConfigurations = (
				E54CE7F428827E1600537C09 /* Debug */,
				E54CE7F528827E1600537C09 /* Release */,
			);
			defaultConfigurationIsVisible = 0;
			defaultConfigurationName = Release;
		};
		E54CE7F628827E1600537C09 /* Build configuration list for PBXNativeTarget "RCtest-BunJangAppTests" */ = {
			isa = XCConfigurationList;
			buildConfigurations = (
				E54CE7F728827E1600537C09 /* Debug */,
				E54CE7F828827E1600537C09 /* Release */,
			);
			defaultConfigurationIsVisible = 0;
			defaultConfigurationName = Release;
		};
		E54CE7F928827E1600537C09 /* Build configuration list for PBXNativeTarget "RCtest-BunJangAppUITests" */ = {
			isa = XCConfigurationList;
			buildConfigurations = (
				E54CE7FA28827E1600537C09 /* Debug */,
				E54CE7FB28827E1600537C09 /* Release */,
			);
			defaultConfigurationIsVisible = 0;
			defaultConfigurationName = Release;
		};
/* End XCConfigurationList section */

/* Begin XCVersionGroup section */
		E54CE7D228827E1500537C09 /* RCtest_BunJangApp.xcdatamodeld */ = {
			isa = XCVersionGroup;
			children = (
				E54CE7D328827E1500537C09 /* RCtest_BunJangApp.xcdatamodel */,
			);
			currentVersion = E54CE7D328827E1500537C09 /* RCtest_BunJangApp.xcdatamodel */;
			path = RCtest_BunJangApp.xcdatamodeld;
			sourceTree = "<group>";
			versionGroupType = wrapper.xcdatamodel;
		};
/* End XCVersionGroup section */
	};
	rootObject = E54CE7BE28827E1500537C09 /* Project object */;
}
